// !$*UTF8*$!
{
	archiveVersion = 1;
	classes = {
	};
	objectVersion = 77;
	objects = {

/* Begin PBXBuildFile section */
		100000000000000000000101 /* CodecApp.swift in Sources */ = {isa = PBXBuildFile; fileRef = 100000000000000000000001 /* CodecApp.swift */; };
		100000000000000000000103 /* DesignTokens.swift in Sources */ = {isa = PBXBuildFile; fileRef = 100000000000000000000003 /* DesignTokens.swift */; };
		100000000000000000000106 /* CodieHand-Regular.ttf in Resources */ = {isa = PBXBuildFile; fileRef = 100000000000000000000006 /* CodieHand-Regular.ttf */; };
		100000000000000000000107 /* Assets.xcassets in Resources */ = {isa = PBXBuildFile; fileRef = 100000000000000000000009 /* Assets.xcassets */; };
		100000000000000000000110 /* AppModel.swift in Sources */ = {isa = PBXBuildFile; fileRef = 100000000000000000000010 /* AppModel.swift */; };
		100000000000000000000111 /* PlayerController.swift in Sources */ = {isa = PBXBuildFile; fileRef = 100000000000000000000011 /* PlayerController.swift */; };
		100000000000000000000112 /* DownloadStore.swift in Sources */ = {isa = PBXBuildFile; fileRef = 100000000000000000000012 /* DownloadStore.swift */; };
		100000000000000000000113 /* Models.swift in Sources */ = {isa = PBXBuildFile; fileRef = 100000000000000000000013 /* Models.swift */; };
		100000000000000000000114 /* CodecClient.swift in Sources */ = {isa = PBXBuildFile; fileRef = 100000000000000000000014 /* CodecClient.swift */; };
		100000000000000000000115 /* Components.swift in Sources */ = {isa = PBXBuildFile; fileRef = 100000000000000000000015 /* Components.swift */; };
		100000000000000000000116 /* ConnectView.swift in Sources */ = {isa = PBXBuildFile; fileRef = 100000000000000000000016 /* ConnectView.swift */; };
		100000000000000000000117 /* RootView.swift in Sources */ = {isa = PBXBuildFile; fileRef = 100000000000000000000017 /* RootView.swift */; };
		100000000000000000000118 /* HomeView.swift in Sources */ = {isa = PBXBuildFile; fileRef = 100000000000000000000018 /* HomeView.swift */; };
		100000000000000000000119 /* LibraryView.swift in Sources */ = {isa = PBXBuildFile; fileRef = 100000000000000000000019 /* LibraryView.swift */; };
		10000000000000000000011A /* SearchView.swift in Sources */ = {isa = PBXBuildFile; fileRef = 10000000000000000000001A /* SearchView.swift */; };
		10000000000000000000011B /* NowPlayingView.swift in Sources */ = {isa = PBXBuildFile; fileRef = 10000000000000000000001B /* NowPlayingView.swift */; };
		10000000000000000000011C /* PlaybackModels.swift in Sources */ = {isa = PBXBuildFile; fileRef = 10000000000000000000001C /* PlaybackModels.swift */; };
		10000000000000000000011D /* Themes.generated.swift in Sources */ = {isa = PBXBuildFile; fileRef = 10000000000000000000001D /* Themes.generated.swift */; };
		10000000000000000000011E /* ThemePickerView.swift in Sources */ = {isa = PBXBuildFile; fileRef = 10000000000000000000001E /* ThemePickerView.swift */; };
/* End PBXBuildFile section */

/* Begin PBXFileReference section */
		100000000000000000000001 /* CodecApp.swift */ = {isa = PBXFileReference; lastKnownFileType = sourcecode.swift; path = CodecApp.swift; sourceTree = "<group>"; };
		100000000000000000000003 /* DesignTokens.swift */ = {isa = PBXFileReference; lastKnownFileType = sourcecode.swift; path = DesignTokens.swift; sourceTree = "<group>"; };
		100000000000000000000006 /* CodieHand-Regular.ttf */ = {isa = PBXFileReference; lastKnownFileType = file; path = "CodieHand-Regular.ttf"; sourceTree = "<group>"; };
		100000000000000000000007 /* Info.plist */ = {isa = PBXFileReference; lastKnownFileType = text.plist.xml; path = Info.plist; sourceTree = "<group>"; };
		100000000000000000000009 /* Assets.xcassets */ = {isa = PBXFileReference; lastKnownFileType = folder.assetcatalog; path = Assets.xcassets; sourceTree = "<group>"; };
		100000000000000000000008 /* Codec.app */ = {isa = PBXFileReference; explicitFileType = wrapper.application; includeInIndex = 0; path = Codec.app; sourceTree = BUILT_PRODUCTS_DIR; };
		100000000000000000000010 /* AppModel.swift */ = {isa = PBXFileReference; lastKnownFileType = sourcecode.swift; path = AppModel.swift; sourceTree = "<group>"; };
		100000000000000000000011 /* PlayerController.swift */ = {isa = PBXFileReference; lastKnownFileType = sourcecode.swift; path = PlayerController.swift; sourceTree = "<group>"; };
		100000000000000000000012 /* DownloadStore.swift */ = {isa = PBXFileReference; lastKnownFileType = sourcecode.swift; path = DownloadStore.swift; sourceTree = "<group>"; };
		100000000000000000000013 /* Models.swift */ = {isa = PBXFileReference; lastKnownFileType = sourcecode.swift; path = Sources/CodecKit/Models.swift; sourceTree = SOURCE_ROOT; };
		100000000000000000000014 /* CodecClient.swift */ = {isa = PBXFileReference; lastKnownFileType = sourcecode.swift; path = Sources/CodecKit/CodecClient.swift; sourceTree = SOURCE_ROOT; };
		100000000000000000000015 /* Components.swift */ = {isa = PBXFileReference; lastKnownFileType = sourcecode.swift; path = Components.swift; sourceTree = "<group>"; };
		100000000000000000000016 /* ConnectView.swift */ = {isa = PBXFileReference; lastKnownFileType = sourcecode.swift; path = ConnectView.swift; sourceTree = "<group>"; };
		100000000000000000000017 /* RootView.swift */ = {isa = PBXFileReference; lastKnownFileType = sourcecode.swift; path = RootView.swift; sourceTree = "<group>"; };
		100000000000000000000018 /* HomeView.swift */ = {isa = PBXFileReference; lastKnownFileType = sourcecode.swift; path = HomeView.swift; sourceTree = "<group>"; };
		100000000000000000000019 /* LibraryView.swift */ = {isa = PBXFileReference; lastKnownFileType = sourcecode.swift; path = LibraryView.swift; sourceTree = "<group>"; };
		10000000000000000000001A /* SearchView.swift */ = {isa = PBXFileReference; lastKnownFileType = sourcecode.swift; path = SearchView.swift; sourceTree = "<group>"; };
		10000000000000000000001B /* NowPlayingView.swift */ = {isa = PBXFileReference; lastKnownFileType = sourcecode.swift; path = NowPlayingView.swift; sourceTree = "<group>"; };
		10000000000000000000001C /* PlaybackModels.swift */ = {isa = PBXFileReference; lastKnownFileType = sourcecode.swift; path = Sources/CodecKit/PlaybackModels.swift; sourceTree = SOURCE_ROOT; };
		10000000000000000000001D /* Themes.generated.swift */ = {isa = PBXFileReference; lastKnownFileType = sourcecode.swift; path = Themes.generated.swift; sourceTree = "<group>"; };
		10000000000000000000001E /* ThemePickerView.swift */ = {isa = PBXFileReference; lastKnownFileType = sourcecode.swift; path = ThemePickerView.swift; sourceTree = "<group>"; };
/* End PBXFileReference section */

/* Begin PBXFrameworksBuildPhase section */
		100000000000000000000201 /* Frameworks */ = {
			isa = PBXFrameworksBuildPhase;
			buildActionMask = 2147483647;
			files = (
			);
			runOnlyForDeploymentPostprocessing = 0;
		};
/* End PBXFrameworksBuildPhase section */

/* Begin PBXGroup section */
		100000000000000000000301 = {
			isa = PBXGroup;
			children = (
				100000000000000000000302 /* App */,
				100000000000000000000303 /* CodecKit */,
				100000000000000000000304 /* Resources */,
				100000000000000000000305 /* Products */,
			);
			sourceTree = "<group>";
		};
		100000000000000000000302 /* App */ = {
			isa = PBXGroup;
			children = (
				100000000000000000000001 /* CodecApp.swift */,
				100000000000000000000010 /* AppModel.swift */,
				100000000000000000000011 /* PlayerController.swift */,
				100000000000000000000012 /* DownloadStore.swift */,
				100000000000000000000003 /* DesignTokens.swift */,
				10000000000000000000001D /* Themes.generated.swift */,
				100000000000000000000306 /* Views */,
				100000000000000000000007 /* Info.plist */,
				100000000000000000000009 /* Assets.xcassets */,
			);
			path = App;
			sourceTree = "<group>";
		};
		100000000000000000000303 /* CodecKit */ = {
			isa = PBXGroup;
			children = (
				100000000000000000000013 /* Models.swift */,
				10000000000000000000001C /* PlaybackModels.swift */,
				100000000000000000000014 /* CodecClient.swift */,
			);
			name = CodecKit;
			sourceTree = "<group>";
		};
		100000000000000000000304 /* Resources */ = {
			isa = PBXGroup;
			children = (
				100000000000000000000006 /* CodieHand-Regular.ttf */,
			);
			path = Resources;
			sourceTree = "<group>";
		};
		100000000000000000000305 /* Products */ = {
			isa = PBXGroup;
			children = (
				100000000000000000000008 /* Codec.app */,
			);
			name = Products;
			sourceTree = "<group>";
		};
		100000000000000000000306 /* Views */ = {
			isa = PBXGroup;
			children = (
				100000000000000000000015 /* Components.swift */,
				100000000000000000000016 /* ConnectView.swift */,
				100000000000000000000017 /* RootView.swift */,
				100000000000000000000018 /* HomeView.swift */,
				100000000000000000000019 /* LibraryView.swift */,
				10000000000000000000001A /* SearchView.swift */,
				10000000000000000000001B /* NowPlayingView.swift */,
				10000000000000000000001E /* ThemePickerView.swift */,
			);
			path = Views;
			sourceTree = "<group>";
		};
/* End PBXGroup section */

/* Begin PBXNativeTarget section */
		100000000000000000000401 /* Codec */ = {
			isa = PBXNativeTarget;
			buildConfigurationList = 100000000000000000000701 /* Build configuration list for PBXNativeTarget "Codec" */;
			buildPhases = (
				100000000000000000000501 /* Sources */,
				100000000000000000000201 /* Frameworks */,
				100000000000000000000601 /* Resources */,
			);
			buildRules = (
			);
			dependencies = (
			);
			name = Codec;
			productName = Codec;
			productReference = 100000000000000000000008 /* Codec.app */;
			productType = "com.apple.product-type.application";
		};
/* End PBXNativeTarget section */

/* Begin PBXProject section */
		100000000000000000000402 /* Project object */ = {
			isa = PBXProject;
			attributes = {
				BuildIndependentTargetsInParallel = 1;
				LastSwiftUpdateCheck = 2620;
				LastUpgradeCheck = 2620;
				TargetAttributes = {
					100000000000000000000401 = {
						CreatedOnToolsVersion = 26.2;
					};
				};
			};
			buildConfigurationList = 100000000000000000000702 /* Build configuration list for PBXProject "Codec" */;
			developmentRegion = en;
			hasScannedForEncodings = 0;
			knownRegions = (
				en,
				Base,
			);
			mainGroup = 100000000000000000000301;
			minimizedProjectReferenceProxies = 1;
			preferredProjectObjectVersion = 77;
			productRefGroup = 100000000000000000000305 /* Products */;
			projectDirPath = "";
			projectRoot = "";
			targets = (
				100000000000000000000401 /* Codec */,
			);
		};
/* End PBXProject section */

/* Begin PBXResourcesBuildPhase section */
		100000000000000000000601 /* Resources */ = {
			isa = PBXResourcesBuildPhase;
			buildActionMask = 2147483647;
			files = (
				100000000000000000000106 /* CodieHand-Regular.ttf in Resources */,
				100000000000000000000107 /* Assets.xcassets in Resources */,
			);
			runOnlyForDeploymentPostprocessing = 0;
		};
/* End PBXResourcesBuildPhase section */

/* Begin PBXSourcesBuildPhase section */
		100000000000000000000501 /* Sources */ = {
			isa = PBXSourcesBuildPhase;
			buildActionMask = 2147483647;
			files = (
				100000000000000000000101 /* CodecApp.swift in Sources */,
				100000000000000000000110 /* AppModel.swift in Sources */,
				100000000000000000000111 /* PlayerController.swift in Sources */,
				100000000000000000000112 /* DownloadStore.swift in Sources */,
				100000000000000000000103 /* DesignTokens.swift in Sources */,
				10000000000000000000011D /* Themes.generated.swift in Sources */,
				10000000000000000000011E /* ThemePickerView.swift in Sources */,
				100000000000000000000113 /* Models.swift in Sources */,
				10000000000000000000011C /* PlaybackModels.swift in Sources */,
				100000000000000000000114 /* CodecClient.swift in Sources */,
				100000000000000000000115 /* Components.swift in Sources */,
				100000000000000000000116 /* ConnectView.swift in Sources */,
				100000000000000000000117 /* RootView.swift in Sources */,
				100000000000000000000118 /* HomeView.swift in Sources */,
				100000000000000000000119 /* LibraryView.swift in Sources */,
				10000000000000000000011A /* SearchView.swift in Sources */,
				10000000000000000000011B /* NowPlayingView.swift in Sources */,
			);
			runOnlyForDeploymentPostprocessing = 0;
		};
/* End PBXSourcesBuildPhase section */

/* Begin XCBuildConfiguration section */
		100000000000000000000801 /* Debug */ = {
			isa = XCBuildConfiguration;
			buildSettings = {
				ALWAYS_SEARCH_USER_PATHS = NO;
				CLANG_ANALYZER_NONNULL = YES;
				CLANG_ANALYZER_NUMBER_OBJECT_CONVERSION = YES_AGGRESSIVE;
				CLANG_CXX_LANGUAGE_STANDARD = "gnu++20";
				CLANG_ENABLE_MODULES = YES;
				CLANG_ENABLE_OBJC_ARC = YES;
				CLANG_ENABLE_OBJC_WEAK = YES;
				CLANG_WARN_BLOCK_CAPTURE_AUTORELEASING = YES;
				CLANG_WARN_BOOL_CONVERSION = YES;
				CLANG_WARN_COMMA = YES;
				CLANG_WARN_CONSTANT_CONVERSION = YES;
				CLANG_WARN_DEPRECATED_OBJC_IMPLEMENTATIONS = YES;
				CLANG_WARN_DIRECT_OBJC_ISA_USAGE = YES_ERROR;
				CLANG_WARN_DOCUMENTATION_COMMENTS = YES;
				CLANG_WARN_EMPTY_BODY = YES;
				CLANG_WARN_ENUM_CONVERSION = YES;
				CLANG_WARN_INFINITE_RECURSION = YES;
				CLANG_WARN_INT_CONVERSION = YES;
				CLANG_WARN_NON_LITERAL_NULL_CONVERSION = YES;
				CLANG_WARN_OBJC_IMPLICIT_RETAIN_SELF = YES;
				CLANG_WARN_OBJC_LITERAL_CONVERSION = YES;
				CLANG_WARN_OBJC_ROOT_CLASS = YES_ERROR;
				CLANG_WARN_QUOTED_INCLUDE_IN_FRAMEWORK_HEADER = YES;
				CLANG_WARN_RANGE_LOOP_ANALYSIS = YES;
				CLANG_WARN_STRICT_PROTOTYPES = YES;
				CLANG_WARN_SUSPICIOUS_MOVE = YES;
				CLANG_WARN_UNGUARDED_AVAILABILITY = YES_AGGRESSIVE;
				CLANG_WARN_UNREACHABLE_CODE = YES;
				CLANG_WARN__DUPLICATE_METHOD_MATCH = YES;
				COPY_PHASE_STRIP = NO;
				DEBUG_INFORMATION_FORMAT = dwarf;
				ENABLE_STRICT_OBJC_MSGSEND = YES;
				ENABLE_TESTABILITY = YES;
				GCC_C_LANGUAGE_STANDARD = gnu17;
				GCC_DYNAMIC_NO_PIC = NO;
				GCC_NO_COMMON_BLOCKS = YES;
				GCC_OPTIMIZATION_LEVEL = 0;
				GCC_PREPROCESSOR_DEFINITIONS = (
					"DEBUG=1",
					"$(inherited)",
				);
				GCC_WARN_64_TO_32_BIT_CONVERSION = YES;
				GCC_WARN_ABOUT_RETURN_TYPE = YES_ERROR;
				GCC_WARN_UNDECLARED_SELECTOR = YES;
				GCC_WARN_UNINITIALIZED_AUTOS = YES_AGGRESSIVE;
				GCC_WARN_UNUSED_FUNCTION = YES;
				GCC_WARN_UNUSED_VARIABLE = YES;
				IPHONEOS_DEPLOYMENT_TARGET = 17.0;
				MTL_ENABLE_DEBUG_INFO = INCLUDE_SOURCE;
				MTL_FAST_MATH = YES;
				ONLY_ACTIVE_ARCH = YES;
				SDKROOT = iphoneos;
				SWIFT_ACTIVE_COMPILATION_CONDITIONS = DEBUG;
				SWIFT_OPTIMIZATION_LEVEL = "-Onone";
			};
			name = Debug;
		};
		100000000000000000000802 /* Release */ = {
			isa = XCBuildConfiguration;
			buildSettings = {
				ALWAYS_SEARCH_USER_PATHS = NO;
				CLANG_ANALYZER_NONNULL = YES;
				CLANG_ANALYZER_NUMBER_OBJECT_CONVERSION = YES_AGGRESSIVE;
				CLANG_CXX_LANGUAGE_STANDARD = "gnu++20";
				CLANG_ENABLE_MODULES = YES;
				CLANG_ENABLE_OBJC_ARC = YES;
				CLANG_ENABLE_OBJC_WEAK = YES;
				CLANG_WARN_BLOCK_CAPTURE_AUTORELEASING = YES;
				CLANG_WARN_BOOL_CONVERSION = YES;
				CLANG_WARN_COMMA = YES;
				CLANG_WARN_CONSTANT_CONVERSION = YES;
				CLANG_WARN_DEPRECATED_OBJC_IMPLEMENTATIONS = YES;
				CLANG_WARN_DIRECT_OBJC_ISA_USAGE = YES_ERROR;
				CLANG_WARN_DOCUMENTATION_COMMENTS = YES;
				CLANG_WARN_EMPTY_BODY = YES;
				CLANG_WARN_ENUM_CONVERSION = YES;
				CLANG_WARN_INFINITE_RECURSION = YES;
				CLANG_WARN_INT_CONVERSION = YES;
				CLANG_WARN_NON_LITERAL_NULL_CONVERSION = YES;
				CLANG_WARN_OBJC_IMPLICIT_RETAIN_SELF = YES;
				CLANG_WARN_OBJC_LITERAL_CONVERSION = YES;
				CLANG_WARN_OBJC_ROOT_CLASS = YES_ERROR;
				CLANG_WARN_QUOTED_INCLUDE_IN_FRAMEWORK_HEADER = YES;
				CLANG_WARN_RANGE_LOOP_ANALYSIS = YES;
				CLANG_WARN_STRICT_PROTOTYPES = YES;
				CLANG_WARN_SUSPICIOUS_MOVE = YES;
				CLANG_WARN_UNGUARDED_AVAILABILITY = YES_AGGRESSIVE;
				CLANG_WARN_UNREACHABLE_CODE = YES;
				CLANG_WARN__DUPLICATE_METHOD_MATCH = YES;
				COPY_PHASE_STRIP = NO;
				DEBUG_INFORMATION_FORMAT = "dwarf-with-dsym";
				ENABLE_NS_ASSERTIONS = NO;
				ENABLE_STRICT_OBJC_MSGSEND = YES;
				GCC_C_LANGUAGE_STANDARD = gnu17;
				GCC_NO_COMMON_BLOCKS = YES;
				GCC_WARN_64_TO_32_BIT_CONVERSION = YES;
				GCC_WARN_ABOUT_RETURN_TYPE = YES_ERROR;
				GCC_WARN_UNDECLARED_SELECTOR = YES;
				GCC_WARN_UNINITIALIZED_AUTOS = YES_AGGRESSIVE;
				GCC_WARN_UNUSED_FUNCTION = YES;
				GCC_WARN_UNUSED_VARIABLE = YES;
				IPHONEOS_DEPLOYMENT_TARGET = 17.0;
				MTL_ENABLE_DEBUG_INFO = NO;
				MTL_FAST_MATH = YES;
				SDKROOT = iphoneos;
				SWIFT_COMPILATION_MODE = wholemodule;
				VALIDATE_PRODUCT = YES;
			};
			name = Release;
		};
		100000000000000000000803 /* Debug */ = {
			isa = XCBuildConfiguration;
			buildSettings = {
				ASSETCATALOG_COMPILER_GLOBAL_ACCENT_COLOR_NAME = AccentColor;
				CODE_SIGN_STYLE = Automatic;
				CURRENT_PROJECT_VERSION = 1;
				GENERATE_INFOPLIST_FILE = NO;
				ASSETCATALOG_COMPILER_APPICON_NAME = AppIcon;
				INFOPLIST_FILE = App/Info.plist;
				IPHONEOS_DEPLOYMENT_TARGET = 17.0;
				LD_RUNPATH_SEARCH_PATHS = (
					"$(inherited)",
					"@executable_path/Frameworks",
				);
				MARKETING_VERSION = 1.0;
				PRODUCT_BUNDLE_IDENTIFIER = sh.codie.codec.mobile;
				PRODUCT_NAME = "$(TARGET_NAME)";
				SDKROOT = iphoneos;
				SUPPORTED_PLATFORMS = "iphoneos iphonesimulator";
				SWIFT_EMIT_LOC_STRINGS = YES;
				SWIFT_VERSION = 6.0;
				TARGETED_DEVICE_FAMILY = "1,2";
			};
			name = Debug;
		};
		100000000000000000000804 /* Release */ = {
			isa = XCBuildConfiguration;
			buildSettings = {
				ASSETCATALOG_COMPILER_GLOBAL_ACCENT_COLOR_NAME = AccentColor;
				CODE_SIGN_STYLE = Automatic;
				CURRENT_PROJECT_VERSION = 1;
				GENERATE_INFOPLIST_FILE = NO;
				ASSETCATALOG_COMPILER_APPICON_NAME = AppIcon;
				INFOPLIST_FILE = App/Info.plist;
				IPHONEOS_DEPLOYMENT_TARGET = 17.0;
				LD_RUNPATH_SEARCH_PATHS = (
					"$(inherited)",
					"@executable_path/Frameworks",
				);
				MARKETING_VERSION = 1.0;
				PRODUCT_BUNDLE_IDENTIFIER = sh.codie.codec.mobile;
				PRODUCT_NAME = "$(TARGET_NAME)";
				SDKROOT = iphoneos;
				SUPPORTED_PLATFORMS = "iphoneos iphonesimulator";
				SWIFT_EMIT_LOC_STRINGS = YES;
				SWIFT_VERSION = 6.0;
				TARGETED_DEVICE_FAMILY = "1,2";
				VALIDATE_PRODUCT = YES;
			};
			name = Release;
		};
/* End XCBuildConfiguration section */

/* Begin XCConfigurationList section */
		100000000000000000000701 /* Build configuration list for PBXNativeTarget "Codec" */ = {
			isa = XCConfigurationList;
			buildConfigurations = (
				100000000000000000000803 /* Debug */,
				100000000000000000000804 /* Release */,
			);
			defaultConfigurationIsVisible = 0;
			defaultConfigurationName = Release;
		};
		100000000000000000000702 /* Build configuration list for PBXProject "Codec" */ = {
			isa = XCConfigurationList;
			buildConfigurations = (
				100000000000000000000801 /* Debug */,
				100000000000000000000802 /* Release */,
			);
			defaultConfigurationIsVisible = 0;
			defaultConfigurationName = Release;
		};
/* End XCConfigurationList section */
	};
	rootObject = 100000000000000000000402 /* Project object */;
}
