// !$*UTF8*$!
{
	archiveVersion = 1;
	classes = {
	};
	objectVersion = 77;
	objects = {

/* Begin PBXBuildFile section */
		100000000000000000000101 /* CodecApp.swift in Sources */ = {isa = PBXBuildFile; fileRef = 100000000000000000000001 /* CodecApp.swift */; };
		100000000000000000000103 /* DesignTokens.swift in Sources */ = {isa = PBXBuildFile; fileRef = 100000000000000000000003 /* DesignTokens.swift */; };
		100000000000000000000106 /* CodieHand-Regular.ttf in Resources */ = {isa = PBXBuildFile; fileRef = 100000000000000000000006 /* CodieHand-Regular.ttf */; };
		100000000000000000000107 /* Assets.xcassets in Resources */ = {isa = PBXBuildFile; fileRef = 100000000000000000000009 /* Assets.xcassets */; };
		100000000000000000000120 /* PrivacyInfo.xcprivacy in Resources */ = {isa = PBXBuildFile; fileRef = 100000000000000000000020 /* PrivacyInfo.xcprivacy */; };
		100000000000000000000110 /* AppModel.swift in Sources */ = {isa = PBXBuildFile; fileRef = 100000000000000000000010 /* AppModel.swift */; };
		100000000000000000000111 /* PlayerController.swift in Sources */ = {isa = PBXBuildFile; fileRef = 100000000000000000000011 /* PlayerController.swift */; };
		100000000000000000000112 /* DownloadStore.swift in Sources */ = {isa = PBXBuildFile; fileRef = 100000000000000000000012 /* DownloadStore.swift */; };
		100000000000000000000113 /* Models.swift in Sources */ = {isa = PBXBuildFile; fileRef = 100000000000000000000013 /* Models.swift */; };
		100000000000000000000114 /* CodecClient.swift in Sources */ = {isa = PBXBuildFile; fileRef = 100000000000000000000014 /* CodecClient.swift */; };
		100000000000000000000115 /* Components.swift in Sources */ = {isa = PBXBuildFile; fileRef = 100000000000000000000015 /* Components.swift */; };
		100000000000000000000116 /* ConnectView.swift in Sources */ = {isa = PBXBuildFile; fileRef = 100000000000000000000016 /* ConnectView.swift */; };
		100000000000000000000117 /* RootView.swift in Sources */ = {isa = PBXBuildFile; fileRef = 100000000000000000000017 /* RootView.swift */; };
		100000000000000000000118 /* HomeView.swift in Sources */ = {isa = PBXBuildFile; fileRef = 100000000000000000000018 /* HomeView.swift */; };
		100000000000000000000119 /* LibraryView.swift in Sources */ = {isa = PBXBuildFile; fileRef = 100000000000000000000019 /* LibraryView.swift */; };
		10000000000000000000011A /* SearchView.swift in Sources */ = {isa = PBXBuildFile; fileRef = 10000000000000000000001A /* SearchView.swift */; };
		10000000000000000000011B /* NowPlayingView.swift in Sources */ = {isa = PBXBuildFile; fileRef = 10000000000000000000001B /* NowPlayingView.swift */; };
		10000000000000000000011C /* PlaybackModels.swift in Sources */ = {isa = PBXBuildFile; fileRef = 10000000000000000000001C /* PlaybackModels.swift */; };
		10000000000000000000011D /* Themes.generated.swift in Sources */ = {isa = PBXBuildFile; fileRef = 10000000000000000000001D /* Themes.generated.swift */; };
		10000000000000000000011E /* ThemePickerView.swift in Sources */ = {isa = PBXBuildFile; fileRef = 10000000000000000000001E /* ThemePickerView.swift */; };
		10000000000000000000011F /* PlaylistDetailView.swift in Sources */ = {isa = PBXBuildFile; fileRef = 10000000000000000000001F /* PlaylistDetailView.swift */; };
		15376ECED5943DE541ECD892 /* SpectrumScrollRegression.swift in Sources */ = {isa = PBXBuildFile; fileRef = 9E73AE17D8AF880492E3B93F /* SpectrumScrollRegression.swift */; };
		173374C375F7189B2D954050 /* NativeSyncTests.swift in Sources */ = {isa = PBXBuildFile; fileRef = 69F2800E73AC85CC59B307F6 /* NativeSyncTests.swift */; };
		2038B423C0E784ADFB535BF1 /* ConnectivityMonitor.swift in Sources */ = {isa = PBXBuildFile; fileRef = 78F2DC7661166C198BBB1EC0 /* ConnectivityMonitor.swift */; };
		21B4171E9756981BF79237A1 /* PlaybackEngineSmokeTests.swift in Sources */ = {isa = PBXBuildFile; fileRef = 2AB7AC2F53E57E9B5D4C80B8 /* PlaybackEngineSmokeTests.swift */; };
		23D9C43621EF319BFB0DE5F4 /* Foundation.framework in Frameworks */ = {isa = PBXBuildFile; fileRef = 51DD25FCD48FE4208164A01F /* Foundation.framework */; };
		2624342D7B9753912408AC54 /* NowPlayingBackground.swift in Sources */ = {isa = PBXBuildFile; fileRef = 8A1351DA72AB3FD336754A57 /* NowPlayingBackground.swift */; };
		3093DF9D7995F530D8F8C770 /* SpectrumImageRegression.swift in Sources */ = {isa = PBXBuildFile; fileRef = 0552F176AD25C88BB0E3D8E8 /* SpectrumImageRegression.swift */; };
		33245997B6B5714F1FD7F4FB /* NativePerformanceTests.swift in Sources */ = {isa = PBXBuildFile; fileRef = 8966CDBA1B46959A12568A6E /* NativePerformanceTests.swift */; };
		3E9547FDF32047219B91C5CA /* VisualizerView.swift in Sources */ = {isa = PBXBuildFile; fileRef = 95707805D21544CDA7427B48 /* VisualizerView.swift */; };
		4886CFA5EB5FE66499DD6277 /* DownloadStoreTests.swift in Sources */ = {isa = PBXBuildFile; fileRef = F1280123077B584812E50FA0 /* DownloadStoreTests.swift */; };
		4A2E44379B85EB5F059B54FA /* PlaylistRecencyTests.swift in Sources */ = {isa = PBXBuildFile; fileRef = 2C14ED2200C0AD1784AE351C /* PlaylistRecencyTests.swift */; };
		53292C5DDC8E16A3C87F683A /* ArtworkAtmosphere.swift in Sources */ = {isa = PBXBuildFile; fileRef = 2B82612F12B63DFADD6274E9 /* ArtworkAtmosphere.swift */; };
		54AA3601FA3860FD017BD437 /* NativeLifecycleTests.swift in Sources */ = {isa = PBXBuildFile; fileRef = E0AE5062FB78B753715418FC /* NativeLifecycleTests.swift */; };
		757929E8937D471B11EE8755 /* ConnectionRecoveryTests.swift in Sources */ = {isa = PBXBuildFile; fileRef = E55CB6A887A21E0BD52879BF /* ConnectionRecoveryTests.swift */; };
		8A23B8E0055C9B9619314D2A /* WebVisualizerParityTests.swift in Sources */ = {isa = PBXBuildFile; fileRef = 98DC3DA414BB45A896ED3799 /* WebVisualizerParityTests.swift */; };
		913E750DD5C58AF103972A91 /* ArtworkAtmosphereTests.swift in Sources */ = {isa = PBXBuildFile; fileRef = B87B5A48F410CA400473D0FE /* ArtworkAtmosphereTests.swift */; };
		AC87FBE72A5B0C48E19D7231 /* PlaylistEditingTests.swift in Sources */ = {isa = PBXBuildFile; fileRef = 7EB4D08C3A98F55A82BD9461 /* PlaylistEditingTests.swift */; };
		B02450B85F290139508C7F3C /* NativeScrollPerformanceTests.swift in Sources */ = {isa = PBXBuildFile; fileRef = 361E769B90ED373CF0E98A4D /* NativeScrollPerformanceTests.swift */; };
		B0FA80752D2B6CFEF4DCB47E /* AudioSpectrumRegression.swift in Sources */ = {isa = PBXBuildFile; fileRef = CECDAE40FB7F6A597F2EF899 /* AudioSpectrumRegression.swift */; };
		E0446B42C25D4C029A8D4EFB /* AudioSpectrum.swift in Sources */ = {isa = PBXBuildFile; fileRef = 0093021828DB49E5AF241761 /* AudioSpectrum.swift */; };
		EC879F218976747F16317C03 /* PlaybackContinuityTests.swift in Sources */ = {isa = PBXBuildFile; fileRef = 3EBA81D742F138A905C5B159 /* PlaybackContinuityTests.swift */; };
		B55BEBDCBD6DB5543826459C /* CredentialStore.swift in Sources */ = {isa = PBXBuildFile; fileRef = 79D047F77920F47EA92F9277 /* CredentialStore.swift */; };
		A755B1D9B0C12F246F5C2E99 /* AuxController.swift in Sources */ = {isa = PBXBuildFile; fileRef = AC4F8CE26A61DBF0F3152ABB /* AuxController.swift */; };
		2B69F0601BBC73EE56E094DE /* AuxViews.swift in Sources */ = {isa = PBXBuildFile; fileRef = ADCD7EC40B5C1A52151251E3 /* AuxViews.swift */; };
		9EC39AA6BF4F26A5D5D5324A /* AuxV2.swift in Sources */ = {isa = PBXBuildFile; fileRef = 659B7B6F8DE5FD4E86EFC4D3 /* AuxV2.swift */; };
		C900D536EEA8E83145CBBB61 /* AuxNativeTests.swift in Sources */ = {isa = PBXBuildFile; fileRef = 46362629FFCD619BAD7575A1 /* AuxNativeTests.swift */; };
		B84CCE844E5370FDA806A845 /* AuxNativeCaptureTests.swift in Sources */ = {isa = PBXBuildFile; fileRef = C4BDBF0A671C46339E3B19CF /* AuxNativeCaptureTests.swift */; };
/* End PBXBuildFile section */

/* Begin PBXContainerItemProxy section */
		0913DFFA1D6708E7659DB2A3 /* PBXContainerItemProxy */ = {
			isa = PBXContainerItemProxy;
			containerPortal = 100000000000000000000402 /* Project object */;
			proxyType = 1;
			remoteGlobalIDString = 100000000000000000000401;
			remoteInfo = Codec;
		};
/* End PBXContainerItemProxy section */

/* Begin PBXFileReference section */
		0093021828DB49E5AF241761 /* AudioSpectrum.swift */ = {isa = PBXFileReference; lastKnownFileType = sourcecode.swift; path = AudioSpectrum.swift; sourceTree = "<group>"; };
		0552F176AD25C88BB0E3D8E8 /* SpectrumImageRegression.swift */ = {isa = PBXFileReference; includeInIndex = 1; lastKnownFileType = sourcecode.swift; path = SpectrumImageRegression.swift; sourceTree = "<group>"; };
		100000000000000000000001 /* CodecApp.swift */ = {isa = PBXFileReference; lastKnownFileType = sourcecode.swift; path = CodecApp.swift; sourceTree = "<group>"; };
		100000000000000000000003 /* DesignTokens.swift */ = {isa = PBXFileReference; lastKnownFileType = sourcecode.swift; path = DesignTokens.swift; sourceTree = "<group>"; };
		100000000000000000000006 /* CodieHand-Regular.ttf */ = {isa = PBXFileReference; lastKnownFileType = file; path = "CodieHand-Regular.ttf"; sourceTree = "<group>"; };
		100000000000000000000007 /* Info.plist */ = {isa = PBXFileReference; lastKnownFileType = text.plist.xml; path = Info.plist; sourceTree = "<group>"; };
		100000000000000000000020 /* PrivacyInfo.xcprivacy */ = {isa = PBXFileReference; lastKnownFileType = text.xml; path = PrivacyInfo.xcprivacy; sourceTree = "<group>"; };
		100000000000000000000008 /* Codec.app */ = {isa = PBXFileReference; explicitFileType = wrapper.application; includeInIndex = 0; path = Codec.app; sourceTree = BUILT_PRODUCTS_DIR; };
		100000000000000000000009 /* Assets.xcassets */ = {isa = PBXFileReference; lastKnownFileType = folder.assetcatalog; path = Assets.xcassets; sourceTree = "<group>"; };
		100000000000000000000010 /* AppModel.swift */ = {isa = PBXFileReference; lastKnownFileType = sourcecode.swift; path = AppModel.swift; sourceTree = "<group>"; };
		100000000000000000000011 /* PlayerController.swift */ = {isa = PBXFileReference; lastKnownFileType = sourcecode.swift; path = PlayerController.swift; sourceTree = "<group>"; };
		100000000000000000000012 /* DownloadStore.swift */ = {isa = PBXFileReference; lastKnownFileType = sourcecode.swift; path = DownloadStore.swift; sourceTree = "<group>"; };
		100000000000000000000013 /* Models.swift */ = {isa = PBXFileReference; lastKnownFileType = sourcecode.swift; path = Sources/CodecKit/Models.swift; sourceTree = SOURCE_ROOT; };
		100000000000000000000014 /* CodecClient.swift */ = {isa = PBXFileReference; lastKnownFileType = sourcecode.swift; path = Sources/CodecKit/CodecClient.swift; sourceTree = SOURCE_ROOT; };
		100000000000000000000015 /* Components.swift */ = {isa = PBXFileReference; lastKnownFileType = sourcecode.swift; path = Components.swift; sourceTree = "<group>"; };
		100000000000000000000016 /* ConnectView.swift */ = {isa = PBXFileReference; lastKnownFileType = sourcecode.swift; path = ConnectView.swift; sourceTree = "<group>"; };
		100000000000000000000017 /* RootView.swift */ = {isa = PBXFileReference; lastKnownFileType = sourcecode.swift; path = RootView.swift; sourceTree = "<group>"; };
		100000000000000000000018 /* HomeView.swift */ = {isa = PBXFileReference; lastKnownFileType = sourcecode.swift; path = HomeView.swift; sourceTree = "<group>"; };
		100000000000000000000019 /* LibraryView.swift */ = {isa = PBXFileReference; lastKnownFileType = sourcecode.swift; path = LibraryView.swift; sourceTree = "<group>"; };
		10000000000000000000001A /* SearchView.swift */ = {isa = PBXFileReference; lastKnownFileType = sourcecode.swift; path = SearchView.swift; sourceTree = "<group>"; };
		10000000000000000000001B /* NowPlayingView.swift */ = {isa = PBXFileReference; lastKnownFileType = sourcecode.swift; path = NowPlayingView.swift; sourceTree = "<group>"; };
		10000000000000000000001C /* PlaybackModels.swift */ = {isa = PBXFileReference; lastKnownFileType = sourcecode.swift; path = Sources/CodecKit/PlaybackModels.swift; sourceTree = SOURCE_ROOT; };
		10000000000000000000001D /* Themes.generated.swift */ = {isa = PBXFileReference; lastKnownFileType = sourcecode.swift; path = Themes.generated.swift; sourceTree = "<group>"; };
		10000000000000000000001E /* ThemePickerView.swift */ = {isa = PBXFileReference; lastKnownFileType = sourcecode.swift; path = ThemePickerView.swift; sourceTree = "<group>"; };
		10000000000000000000001F /* PlaylistDetailView.swift */ = {isa = PBXFileReference; lastKnownFileType = sourcecode.swift; path = PlaylistDetailView.swift; sourceTree = "<group>"; };
		2AB7AC2F53E57E9B5D4C80B8 /* PlaybackEngineSmokeTests.swift */ = {isa = PBXFileReference; lastKnownFileType = sourcecode.swift; path = PlaybackEngineSmokeTests.swift; sourceTree = "<group>"; };
		2B82612F12B63DFADD6274E9 /* ArtworkAtmosphere.swift */ = {isa = PBXFileReference; lastKnownFileType = sourcecode.swift; path = ArtworkAtmosphere.swift; sourceTree = "<group>"; };
		2C14ED2200C0AD1784AE351C /* PlaylistRecencyTests.swift */ = {isa = PBXFileReference; lastKnownFileType = sourcecode.swift; path = PlaylistRecencyTests.swift; sourceTree = "<group>"; };
		361E769B90ED373CF0E98A4D /* NativeScrollPerformanceTests.swift */ = {isa = PBXFileReference; includeInIndex = 1; lastKnownFileType = sourcecode.swift; path = NativeScrollPerformanceTests.swift; sourceTree = "<group>"; };
		3EBA81D742F138A905C5B159 /* PlaybackContinuityTests.swift */ = {isa = PBXFileReference; lastKnownFileType = sourcecode.swift; path = PlaybackContinuityTests.swift; sourceTree = "<group>"; };
		51DD25FCD48FE4208164A01F /* Foundation.framework */ = {isa = PBXFileReference; lastKnownFileType = wrapper.framework; name = Foundation.framework; path = System/Library/Frameworks/Foundation.framework; sourceTree = SDKROOT; };
		69F2800E73AC85CC59B307F6 /* NativeSyncTests.swift */ = {isa = PBXFileReference; includeInIndex = 1; lastKnownFileType = sourcecode.swift; path = NativeSyncTests.swift; sourceTree = "<group>"; };
		78F2DC7661166C198BBB1EC0 /* ConnectivityMonitor.swift */ = {isa = PBXFileReference; includeInIndex = 1; lastKnownFileType = sourcecode.swift; path = ConnectivityMonitor.swift; sourceTree = "<group>"; };
		7EB4D08C3A98F55A82BD9461 /* PlaylistEditingTests.swift */ = {isa = PBXFileReference; lastKnownFileType = sourcecode.swift; path = PlaylistEditingTests.swift; sourceTree = "<group>"; };
		8966CDBA1B46959A12568A6E /* NativePerformanceTests.swift */ = {isa = PBXFileReference; includeInIndex = 1; lastKnownFileType = sourcecode.swift; path = NativePerformanceTests.swift; sourceTree = "<group>"; };
		8A1351DA72AB3FD336754A57 /* NowPlayingBackground.swift */ = {isa = PBXFileReference; lastKnownFileType = sourcecode.swift; path = NowPlayingBackground.swift; sourceTree = "<group>"; };
		94680360F8DDB64DC8E0EC87 /* CodecNativeTests.xctest */ = {isa = PBXFileReference; explicitFileType = wrapper.cfbundle; includeInIndex = 0; path = CodecNativeTests.xctest; sourceTree = BUILT_PRODUCTS_DIR; };
		95707805D21544CDA7427B48 /* VisualizerView.swift */ = {isa = PBXFileReference; lastKnownFileType = sourcecode.swift; path = VisualizerView.swift; sourceTree = "<group>"; };
		98DC3DA414BB45A896ED3799 /* WebVisualizerParityTests.swift */ = {isa = PBXFileReference; includeInIndex = 1; lastKnownFileType = sourcecode.swift; path = WebVisualizerParityTests.swift; sourceTree = "<group>"; };
		9E73AE17D8AF880492E3B93F /* SpectrumScrollRegression.swift */ = {isa = PBXFileReference; includeInIndex = 1; lastKnownFileType = sourcecode.swift; path = SpectrumScrollRegression.swift; sourceTree = "<group>"; };
		B87B5A48F410CA400473D0FE /* ArtworkAtmosphereTests.swift */ = {isa = PBXFileReference; lastKnownFileType = sourcecode.swift; path = ArtworkAtmosphereTests.swift; sourceTree = "<group>"; };
		CECDAE40FB7F6A597F2EF899 /* AudioSpectrumRegression.swift */ = {isa = PBXFileReference; includeInIndex = 1; lastKnownFileType = sourcecode.swift; path = AudioSpectrumRegression.swift; sourceTree = "<group>"; };
		E0AE5062FB78B753715418FC /* NativeLifecycleTests.swift */ = {isa = PBXFileReference; lastKnownFileType = sourcecode.swift; path = NativeLifecycleTests.swift; sourceTree = "<group>"; };
		E55CB6A887A21E0BD52879BF /* ConnectionRecoveryTests.swift */ = {isa = PBXFileReference; includeInIndex = 1; lastKnownFileType = sourcecode.swift; path = ConnectionRecoveryTests.swift; sourceTree = "<group>"; };
		F1280123077B584812E50FA0 /* DownloadStoreTests.swift */ = {isa = PBXFileReference; includeInIndex = 1; lastKnownFileType = sourcecode.swift; path = DownloadStoreTests.swift; sourceTree = "<group>"; };
		79D047F77920F47EA92F9277 /* CredentialStore.swift */ = {isa = PBXFileReference; lastKnownFileType = sourcecode.swift; path = App/CredentialStore.swift; sourceTree = SOURCE_ROOT; };
		AC4F8CE26A61DBF0F3152ABB /* AuxController.swift */ = {isa = PBXFileReference; lastKnownFileType = sourcecode.swift; path = App/AuxController.swift; sourceTree = SOURCE_ROOT; };
		ADCD7EC40B5C1A52151251E3 /* AuxViews.swift */ = {isa = PBXFileReference; lastKnownFileType = sourcecode.swift; path = App/Views/AuxViews.swift; sourceTree = SOURCE_ROOT; };
		659B7B6F8DE5FD4E86EFC4D3 /* AuxV2.swift */ = {isa = PBXFileReference; lastKnownFileType = sourcecode.swift; path = Sources/CodecKit/AuxV2.swift; sourceTree = SOURCE_ROOT; };
		46362629FFCD619BAD7575A1 /* AuxNativeTests.swift */ = {isa = PBXFileReference; lastKnownFileType = sourcecode.swift; path = Tests/AuxNativeTests.swift; sourceTree = SOURCE_ROOT; };
		C4BDBF0A671C46339E3B19CF /* AuxNativeCaptureTests.swift */ = {isa = PBXFileReference; lastKnownFileType = sourcecode.swift; path = Tests/AuxNativeCaptureTests.swift; sourceTree = SOURCE_ROOT; };
/* End PBXFileReference section */

/* Begin PBXFrameworksBuildPhase section */
		100000000000000000000201 /* Frameworks */ = {
			isa = PBXFrameworksBuildPhase;
			buildActionMask = 2147483647;
			files = (
			);
			runOnlyForDeploymentPostprocessing = 0;
		};
		ACB6DED200210BAC576D6CA5 /* Frameworks */ = {
			isa = PBXFrameworksBuildPhase;
			buildActionMask = 2147483647;
			files = (
				23D9C43621EF319BFB0DE5F4 /* Foundation.framework in Frameworks */,
			);
			runOnlyForDeploymentPostprocessing = 0;
		};
/* End PBXFrameworksBuildPhase section */

/* Begin PBXGroup section */
		0CF34078A1085FB59D7391DA /* Native Tests */ = {
			isa = PBXGroup;
			children = (
				E0AE5062FB78B753715418FC /* NativeLifecycleTests.swift */,
				C4BDBF0A671C46339E3B19CF /* AuxNativeCaptureTests.swift */,
				46362629FFCD619BAD7575A1 /* AuxNativeTests.swift */,
				3EBA81D742F138A905C5B159 /* PlaybackContinuityTests.swift */,
				2AB7AC2F53E57E9B5D4C80B8 /* PlaybackEngineSmokeTests.swift */,
				B87B5A48F410CA400473D0FE /* ArtworkAtmosphereTests.swift */,
				2C14ED2200C0AD1784AE351C /* PlaylistRecencyTests.swift */,
				7EB4D08C3A98F55A82BD9461 /* PlaylistEditingTests.swift */,
				69F2800E73AC85CC59B307F6 /* NativeSyncTests.swift */,
				CECDAE40FB7F6A597F2EF899 /* AudioSpectrumRegression.swift */,
				0552F176AD25C88BB0E3D8E8 /* SpectrumImageRegression.swift */,
				9E73AE17D8AF880492E3B93F /* SpectrumScrollRegression.swift */,
				98DC3DA414BB45A896ED3799 /* WebVisualizerParityTests.swift */,
				E55CB6A887A21E0BD52879BF /* ConnectionRecoveryTests.swift */,
				F1280123077B584812E50FA0 /* DownloadStoreTests.swift */,
				8966CDBA1B46959A12568A6E /* NativePerformanceTests.swift */,
				361E769B90ED373CF0E98A4D /* NativeScrollPerformanceTests.swift */,
			);
			name = "Native Tests";
			path = Tests;
			sourceTree = "<group>";
		};
		100000000000000000000301 = {
			isa = PBXGroup;
			children = (
				100000000000000000000302 /* App */,
				100000000000000000000303 /* CodecKit */,
				100000000000000000000304 /* Resources */,
				100000000000000000000305 /* Products */,
				19AF8EE40F4ECAFC8D2A19C3 /* Frameworks */,
				0CF34078A1085FB59D7391DA /* Native Tests */,
			);
			sourceTree = "<group>";
		};
		100000000000000000000302 /* App */ = {
			isa = PBXGroup;
			children = (
				100000000000000000000001 /* CodecApp.swift */,
				659B7B6F8DE5FD4E86EFC4D3 /* AuxV2.swift */,
				ADCD7EC40B5C1A52151251E3 /* AuxViews.swift */,
				AC4F8CE26A61DBF0F3152ABB /* AuxController.swift */,
				79D047F77920F47EA92F9277 /* CredentialStore.swift */,
				100000000000000000000010 /* AppModel.swift */,
				2B82612F12B63DFADD6274E9 /* ArtworkAtmosphere.swift */,
				100000000000000000000011 /* PlayerController.swift */,
				0093021828DB49E5AF241761 /* AudioSpectrum.swift */,
				100000000000000000000012 /* DownloadStore.swift */,
				100000000000000000000003 /* DesignTokens.swift */,
				10000000000000000000001D /* Themes.generated.swift */,
				100000000000000000000306 /* Views */,
				100000000000000000000007 /* Info.plist */,
				100000000000000000000020 /* PrivacyInfo.xcprivacy */,
				100000000000000000000009 /* Assets.xcassets */,
				78F2DC7661166C198BBB1EC0 /* ConnectivityMonitor.swift */,
			);
			path = App;
			sourceTree = "<group>";
		};
		100000000000000000000303 /* CodecKit */ = {
			isa = PBXGroup;
			children = (
				100000000000000000000013 /* Models.swift */,
				10000000000000000000001C /* PlaybackModels.swift */,
				100000000000000000000014 /* CodecClient.swift */,
			);
			name = CodecKit;
			sourceTree = "<group>";
		};
		100000000000000000000304 /* Resources */ = {
			isa = PBXGroup;
			children = (
				100000000000000000000006 /* CodieHand-Regular.ttf */,
			);
			path = Resources;
			sourceTree = "<group>";
		};
		100000000000000000000305 /* Products */ = {
			isa = PBXGroup;
			children = (
				100000000000000000000008 /* Codec.app */,
				94680360F8DDB64DC8E0EC87 /* CodecNativeTests.xctest */,
			);
			name = Products;
			sourceTree = "<group>";
		};
		100000000000000000000306 /* Views */ = {
			isa = PBXGroup;
			children = (
				100000000000000000000015 /* Components.swift */,
				100000000000000000000016 /* ConnectView.swift */,
				100000000000000000000017 /* RootView.swift */,
				100000000000000000000018 /* HomeView.swift */,
				95707805D21544CDA7427B48 /* VisualizerView.swift */,
				100000000000000000000019 /* LibraryView.swift */,
				10000000000000000000001A /* SearchView.swift */,
				8A1351DA72AB3FD336754A57 /* NowPlayingBackground.swift */,
				10000000000000000000001B /* NowPlayingView.swift */,
				10000000000000000000001E /* ThemePickerView.swift */,
				10000000000000000000001F /* PlaylistDetailView.swift */,
			);
			path = Views;
			sourceTree = "<group>";
		};
		19AF8EE40F4ECAFC8D2A19C3 /* Frameworks */ = {
			isa = PBXGroup;
			children = (
				26C5E5795F59FCAF86D8902C /* iOS */,
			);
			name = Frameworks;
			sourceTree = "<group>";
		};
		26C5E5795F59FCAF86D8902C /* iOS */ = {
			isa = PBXGroup;
			children = (
				51DD25FCD48FE4208164A01F /* Foundation.framework */,
			);
			name = iOS;
			sourceTree = "<group>";
		};
/* End PBXGroup section */

/* Begin PBXNativeTarget section */
		100000000000000000000401 /* Codec */ = {
			isa = PBXNativeTarget;
			buildConfigurationList = 100000000000000000000701 /* Build configuration list for PBXNativeTarget "Codec" */;
			buildPhases = (
				100000000000000000000501 /* Sources */,
				100000000000000000000201 /* Frameworks */,
				100000000000000000000601 /* Resources */,
			);
			buildRules = (
			);
			dependencies = (
			);
			name = Codec;
			productName = Codec;
			productReference = 100000000000000000000008 /* Codec.app */;
			productType = "com.apple.product-type.application";
		};
		A282388B8276EEF01F08BAA8 /* CodecNativeTests */ = {
			isa = PBXNativeTarget;
			buildConfigurationList = 4BD9484A9262D9F6EF6E7D96 /* Build configuration list for PBXNativeTarget "CodecNativeTests" */;
			buildPhases = (
				63EEFBA633377860F9AEAC78 /* Sources */,
				ACB6DED200210BAC576D6CA5 /* Frameworks */,
				9782C6AC49F1437C85DF4FA6 /* Resources */,
			);
			buildRules = (
			);
			dependencies = (
				63EC1835010055E6589F7603 /* PBXTargetDependency */,
			);
			name = CodecNativeTests;
			productName = CodecNativeTests;
			productReference = 94680360F8DDB64DC8E0EC87 /* CodecNativeTests.xctest */;
			productType = "com.apple.product-type.bundle.unit-test";
		};
/* End PBXNativeTarget section */

/* Begin PBXProject section */
		100000000000000000000402 /* Project object */ = {
			isa = PBXProject;
			attributes = {
				BuildIndependentTargetsInParallel = 1;
				LastSwiftUpdateCheck = 2620;
				LastUpgradeCheck = 2620;
				TargetAttributes = {
					100000000000000000000401 = {
						CreatedOnToolsVersion = 26.2;
					};
				};
			};
			buildConfigurationList = 100000000000000000000702 /* Build configuration list for PBXProject "Codec" */;
			developmentRegion = en;
			hasScannedForEncodings = 0;
			knownRegions = (
				en,
				Base,
			);
			mainGroup = 100000000000000000000301;
			minimizedProjectReferenceProxies = 1;
			preferredProjectObjectVersion = 77;
			productRefGroup = 100000000000000000000305 /* Products */;
			projectDirPath = "";
			projectRoot = "";
			targets = (
				100000000000000000000401 /* Codec */,
				A282388B8276EEF01F08BAA8 /* CodecNativeTests */,
			);
		};
/* End PBXProject section */

/* Begin PBXResourcesBuildPhase section */
		100000000000000000000601 /* Resources */ = {
			isa = PBXResourcesBuildPhase;
			buildActionMask = 2147483647;
			files = (
				100000000000000000000106 /* CodieHand-Regular.ttf in Resources */,
				100000000000000000000107 /* Assets.xcassets in Resources */,
				100000000000000000000120 /* PrivacyInfo.xcprivacy in Resources */,
			);
			runOnlyForDeploymentPostprocessing = 0;
		};
		9782C6AC49F1437C85DF4FA6 /* Resources */ = {
			isa = PBXResourcesBuildPhase;
			buildActionMask = 2147483647;
			files = (
			);
			runOnlyForDeploymentPostprocessing = 0;
		};
/* End PBXResourcesBuildPhase section */

/* Begin PBXSourcesBuildPhase section */
		100000000000000000000501 /* Sources */ = {
			isa = PBXSourcesBuildPhase;
			buildActionMask = 2147483647;
			files = (
				100000000000000000000101 /* CodecApp.swift in Sources */,
				9EC39AA6BF4F26A5D5D5324A /* AuxV2.swift in Sources */,
				2B69F0601BBC73EE56E094DE /* AuxViews.swift in Sources */,
				A755B1D9B0C12F246F5C2E99 /* AuxController.swift in Sources */,
				B55BEBDCBD6DB5543826459C /* CredentialStore.swift in Sources */,
				100000000000000000000110 /* AppModel.swift in Sources */,
				53292C5DDC8E16A3C87F683A /* ArtworkAtmosphere.swift in Sources */,
				100000000000000000000111 /* PlayerController.swift in Sources */,
				E0446B42C25D4C029A8D4EFB /* AudioSpectrum.swift in Sources */,
				100000000000000000000112 /* DownloadStore.swift in Sources */,
				100000000000000000000103 /* DesignTokens.swift in Sources */,
				10000000000000000000011D /* Themes.generated.swift in Sources */,
				10000000000000000000011E /* ThemePickerView.swift in Sources */,
				10000000000000000000011F /* PlaylistDetailView.swift in Sources */,
				100000000000000000000113 /* Models.swift in Sources */,
				10000000000000000000011C /* PlaybackModels.swift in Sources */,
				100000000000000000000114 /* CodecClient.swift in Sources */,
				100000000000000000000115 /* Components.swift in Sources */,
				100000000000000000000116 /* ConnectView.swift in Sources */,
				100000000000000000000117 /* RootView.swift in Sources */,
				100000000000000000000118 /* HomeView.swift in Sources */,
				3E9547FDF32047219B91C5CA /* VisualizerView.swift in Sources */,
				100000000000000000000119 /* LibraryView.swift in Sources */,
				10000000000000000000011A /* SearchView.swift in Sources */,
				2624342D7B9753912408AC54 /* NowPlayingBackground.swift in Sources */,
				10000000000000000000011B /* NowPlayingView.swift in Sources */,
				2038B423C0E784ADFB535BF1 /* ConnectivityMonitor.swift in Sources */,
			);
			runOnlyForDeploymentPostprocessing = 0;
		};
		63EEFBA633377860F9AEAC78 /* Sources */ = {
			isa = PBXSourcesBuildPhase;
			buildActionMask = 2147483647;
			files = (
				54AA3601FA3860FD017BD437 /* NativeLifecycleTests.swift in Sources */,
				B84CCE844E5370FDA806A845 /* AuxNativeCaptureTests.swift in Sources */,
				C900D536EEA8E83145CBBB61 /* AuxNativeTests.swift in Sources */,
				EC879F218976747F16317C03 /* PlaybackContinuityTests.swift in Sources */,
				21B4171E9756981BF79237A1 /* PlaybackEngineSmokeTests.swift in Sources */,
				913E750DD5C58AF103972A91 /* ArtworkAtmosphereTests.swift in Sources */,
				4A2E44379B85EB5F059B54FA /* PlaylistRecencyTests.swift in Sources */,
				AC87FBE72A5B0C48E19D7231 /* PlaylistEditingTests.swift in Sources */,
				173374C375F7189B2D954050 /* NativeSyncTests.swift in Sources */,
				B0FA80752D2B6CFEF4DCB47E /* AudioSpectrumRegression.swift in Sources */,
				3093DF9D7995F530D8F8C770 /* SpectrumImageRegression.swift in Sources */,
				15376ECED5943DE541ECD892 /* SpectrumScrollRegression.swift in Sources */,
				8A23B8E0055C9B9619314D2A /* WebVisualizerParityTests.swift in Sources */,
				757929E8937D471B11EE8755 /* ConnectionRecoveryTests.swift in Sources */,
				4886CFA5EB5FE66499DD6277 /* DownloadStoreTests.swift in Sources */,
				33245997B6B5714F1FD7F4FB /* NativePerformanceTests.swift in Sources */,
				B02450B85F290139508C7F3C /* NativeScrollPerformanceTests.swift in Sources */,
			);
			runOnlyForDeploymentPostprocessing = 0;
		};
/* End PBXSourcesBuildPhase section */

/* Begin PBXTargetDependency section */
		63EC1835010055E6589F7603 /* PBXTargetDependency */ = {
			isa = PBXTargetDependency;
			name = Codec;
			target = 100000000000000000000401 /* Codec */;
			targetProxy = 0913DFFA1D6708E7659DB2A3 /* PBXContainerItemProxy */;
		};
/* End PBXTargetDependency section */

/* Begin XCBuildConfiguration section */
		100000000000000000000801 /* Debug */ = {
			isa = XCBuildConfiguration;
			buildSettings = {
				ALWAYS_SEARCH_USER_PATHS = NO;
				CLANG_ANALYZER_NONNULL = YES;
				CLANG_ANALYZER_NUMBER_OBJECT_CONVERSION = YES_AGGRESSIVE;
				CLANG_CXX_LANGUAGE_STANDARD = "gnu++20";
				CLANG_ENABLE_MODULES = YES;
				CLANG_ENABLE_OBJC_ARC = YES;
				CLANG_ENABLE_OBJC_WEAK = YES;
				CLANG_WARN_BLOCK_CAPTURE_AUTORELEASING = YES;
				CLANG_WARN_BOOL_CONVERSION = YES;
				CLANG_WARN_COMMA = YES;
				CLANG_WARN_CONSTANT_CONVERSION = YES;
				CLANG_WARN_DEPRECATED_OBJC_IMPLEMENTATIONS = YES;
				CLANG_WARN_DIRECT_OBJC_ISA_USAGE = YES_ERROR;
				CLANG_WARN_DOCUMENTATION_COMMENTS = YES;
				CLANG_WARN_EMPTY_BODY = YES;
				CLANG_WARN_ENUM_CONVERSION = YES;
				CLANG_WARN_INFINITE_RECURSION = YES;
				CLANG_WARN_INT_CONVERSION = YES;
				CLANG_WARN_NON_LITERAL_NULL_CONVERSION = YES;
				CLANG_WARN_OBJC_IMPLICIT_RETAIN_SELF = YES;
				CLANG_WARN_OBJC_LITERAL_CONVERSION = YES;
				CLANG_WARN_OBJC_ROOT_CLASS = YES_ERROR;
				CLANG_WARN_QUOTED_INCLUDE_IN_FRAMEWORK_HEADER = YES;
				CLANG_WARN_RANGE_LOOP_ANALYSIS = YES;
				CLANG_WARN_STRICT_PROTOTYPES = YES;
				CLANG_WARN_SUSPICIOUS_MOVE = YES;
				CLANG_WARN_UNGUARDED_AVAILABILITY = YES_AGGRESSIVE;
				CLANG_WARN_UNREACHABLE_CODE = YES;
				CLANG_WARN__DUPLICATE_METHOD_MATCH = YES;
				COPY_PHASE_STRIP = NO;
				DEBUG_INFORMATION_FORMAT = dwarf;
				ENABLE_STRICT_OBJC_MSGSEND = YES;
				ENABLE_TESTABILITY = YES;
				GCC_C_LANGUAGE_STANDARD = gnu17;
				GCC_DYNAMIC_NO_PIC = NO;
				GCC_NO_COMMON_BLOCKS = YES;
				GCC_OPTIMIZATION_LEVEL = 0;
				GCC_PREPROCESSOR_DEFINITIONS = (
					"DEBUG=1",
					"$(inherited)",
				);
				GCC_WARN_64_TO_32_BIT_CONVERSION = YES;
				GCC_WARN_ABOUT_RETURN_TYPE = YES_ERROR;
				GCC_WARN_UNDECLARED_SELECTOR = YES;
				GCC_WARN_UNINITIALIZED_AUTOS = YES_AGGRESSIVE;
				GCC_WARN_UNUSED_FUNCTION = YES;
				GCC_WARN_UNUSED_VARIABLE = YES;
				IPHONEOS_DEPLOYMENT_TARGET = 17.0;
				MTL_ENABLE_DEBUG_INFO = INCLUDE_SOURCE;
				MTL_FAST_MATH = YES;
				ONLY_ACTIVE_ARCH = YES;
				SDKROOT = iphoneos;
				SWIFT_ACTIVE_COMPILATION_CONDITIONS = DEBUG;
				SWIFT_OPTIMIZATION_LEVEL = "-Onone";
			};
			name = Debug;
		};
		100000000000000000000802 /* Release */ = {
			isa = XCBuildConfiguration;
			buildSettings = {
				ALWAYS_SEARCH_USER_PATHS = NO;
				CLANG_ANALYZER_NONNULL = YES;
				CLANG_ANALYZER_NUMBER_OBJECT_CONVERSION = YES_AGGRESSIVE;
				CLANG_CXX_LANGUAGE_STANDARD = "gnu++20";
				CLANG_ENABLE_MODULES = YES;
				CLANG_ENABLE_OBJC_ARC = YES;
				CLANG_ENABLE_OBJC_WEAK = YES;
				CLANG_WARN_BLOCK_CAPTURE_AUTORELEASING = YES;
				CLANG_WARN_BOOL_CONVERSION = YES;
				CLANG_WARN_COMMA = YES;
				CLANG_WARN_CONSTANT_CONVERSION = YES;
				CLANG_WARN_DEPRECATED_OBJC_IMPLEMENTATIONS = YES;
				CLANG_WARN_DIRECT_OBJC_ISA_USAGE = YES_ERROR;
				CLANG_WARN_DOCUMENTATION_COMMENTS = YES;
				CLANG_WARN_EMPTY_BODY = YES;
				CLANG_WARN_ENUM_CONVERSION = YES;
				CLANG_WARN_INFINITE_RECURSION = YES;
				CLANG_WARN_INT_CONVERSION = YES;
				CLANG_WARN_NON_LITERAL_NULL_CONVERSION = YES;
				CLANG_WARN_OBJC_IMPLICIT_RETAIN_SELF = YES;
				CLANG_WARN_OBJC_LITERAL_CONVERSION = YES;
				CLANG_WARN_OBJC_ROOT_CLASS = YES_ERROR;
				CLANG_WARN_QUOTED_INCLUDE_IN_FRAMEWORK_HEADER = YES;
				CLANG_WARN_RANGE_LOOP_ANALYSIS = YES;
				CLANG_WARN_STRICT_PROTOTYPES = YES;
				CLANG_WARN_SUSPICIOUS_MOVE = YES;
				CLANG_WARN_UNGUARDED_AVAILABILITY = YES_AGGRESSIVE;
				CLANG_WARN_UNREACHABLE_CODE = YES;
				CLANG_WARN__DUPLICATE_METHOD_MATCH = YES;
				COPY_PHASE_STRIP = NO;
				DEBUG_INFORMATION_FORMAT = "dwarf-with-dsym";
				ENABLE_NS_ASSERTIONS = NO;
				ENABLE_STRICT_OBJC_MSGSEND = YES;
				GCC_C_LANGUAGE_STANDARD = gnu17;
				GCC_NO_COMMON_BLOCKS = YES;
				GCC_WARN_64_TO_32_BIT_CONVERSION = YES;
				GCC_WARN_ABOUT_RETURN_TYPE = YES_ERROR;
				GCC_WARN_UNDECLARED_SELECTOR = YES;
				GCC_WARN_UNINITIALIZED_AUTOS = YES_AGGRESSIVE;
				GCC_WARN_UNUSED_FUNCTION = YES;
				GCC_WARN_UNUSED_VARIABLE = YES;
				IPHONEOS_DEPLOYMENT_TARGET = 17.0;
				MTL_ENABLE_DEBUG_INFO = NO;
				MTL_FAST_MATH = YES;
				SDKROOT = iphoneos;
				SWIFT_COMPILATION_MODE = wholemodule;
				VALIDATE_PRODUCT = YES;
			};
			name = Release;
		};
		100000000000000000000803 /* Debug */ = {
			isa = XCBuildConfiguration;
			buildSettings = {
				ASSETCATALOG_COMPILER_APPICON_NAME = AppIcon;
				ASSETCATALOG_COMPILER_GLOBAL_ACCENT_COLOR_NAME = AccentColor;
				CODE_SIGN_STYLE = Automatic;
				CURRENT_PROJECT_VERSION = 8;
				GENERATE_INFOPLIST_FILE = NO;
				INFOPLIST_FILE = App/Info.plist;
				IPHONEOS_DEPLOYMENT_TARGET = 17.0;
				LD_RUNPATH_SEARCH_PATHS = (
					"$(inherited)",
					"@executable_path/Frameworks",
				);
				MARKETING_VERSION = 1.4;
				PRODUCT_BUNDLE_IDENTIFIER = sh.codie.codec.mobile;
				PRODUCT_NAME = "$(TARGET_NAME)";
				SDKROOT = iphoneos;
				SUPPORTED_PLATFORMS = "iphoneos iphonesimulator";
				SWIFT_EMIT_LOC_STRINGS = YES;
				SWIFT_VERSION = 6.0;
				TARGETED_DEVICE_FAMILY = "1,2";
			};
			name = Debug;
		};
		100000000000000000000804 /* Release */ = {
			isa = XCBuildConfiguration;
			buildSettings = {
				ASSETCATALOG_COMPILER_APPICON_NAME = AppIcon;
				ASSETCATALOG_COMPILER_GLOBAL_ACCENT_COLOR_NAME = AccentColor;
				CODE_SIGN_STYLE = Automatic;
				CURRENT_PROJECT_VERSION = 8;
				GENERATE_INFOPLIST_FILE = NO;
				INFOPLIST_FILE = App/Info.plist;
				IPHONEOS_DEPLOYMENT_TARGET = 17.0;
				LD_RUNPATH_SEARCH_PATHS = (
					"$(inherited)",
					"@executable_path/Frameworks",
				);
				MARKETING_VERSION = 1.4;
				PRODUCT_BUNDLE_IDENTIFIER = sh.codie.codec.mobile;
				PRODUCT_NAME = "$(TARGET_NAME)";
				SDKROOT = iphoneos;
				SUPPORTED_PLATFORMS = "iphoneos iphonesimulator";
				SWIFT_EMIT_LOC_STRINGS = YES;
				SWIFT_VERSION = 6.0;
				TARGETED_DEVICE_FAMILY = "1,2";
				VALIDATE_PRODUCT = YES;
			};
			name = Release;
		};
		18FCAEAFB3036770ACA610D7 /* Debug */ = {
			isa = XCBuildConfiguration;
			buildSettings = {
				BUNDLE_LOADER = "$(TEST_HOST)";
				CLANG_ENABLE_OBJC_WEAK = NO;
				CODE_SIGN_STYLE = Automatic;
				GENERATE_INFOPLIST_FILE = YES;
				IPHONEOS_DEPLOYMENT_TARGET = 17.0;
				PRODUCT_BUNDLE_IDENTIFIER = "sh.codie.codec.native-tests";
				PRODUCT_NAME = "$(TARGET_NAME)";
				SDKROOT = iphoneos;
				SWIFT_VERSION = 6.0;
				TARGETED_DEVICE_FAMILY = "1,2";
				TEST_HOST = "$(BUILT_PRODUCTS_DIR)/Codec.app/$(BUNDLE_EXECUTABLE_FOLDER_PATH)/Codec";
			};
			name = Debug;
		};
		2C3143AD4FB3C3530699FD84 /* Release */ = {
			isa = XCBuildConfiguration;
			buildSettings = {
				BUNDLE_LOADER = "$(TEST_HOST)";
				CLANG_ENABLE_OBJC_WEAK = NO;
				CODE_SIGN_STYLE = Automatic;
				GENERATE_INFOPLIST_FILE = YES;
				IPHONEOS_DEPLOYMENT_TARGET = 17.0;
				PRODUCT_BUNDLE_IDENTIFIER = "sh.codie.codec.native-tests";
				PRODUCT_NAME = "$(TARGET_NAME)";
				SDKROOT = iphoneos;
				SWIFT_VERSION = 6.0;
				TARGETED_DEVICE_FAMILY = "1,2";
				TEST_HOST = "$(BUILT_PRODUCTS_DIR)/Codec.app/$(BUNDLE_EXECUTABLE_FOLDER_PATH)/Codec";
				VALIDATE_PRODUCT = YES;
			};
			name = Release;
		};
		100000000000000000000805 /* LocalTest */ = {
			isa = XCBuildConfiguration;
			buildSettings = {
				ALWAYS_SEARCH_USER_PATHS = NO;
				CLANG_ANALYZER_NONNULL = YES;
				CLANG_ANALYZER_NUMBER_OBJECT_CONVERSION = YES_AGGRESSIVE;
				CLANG_CXX_LANGUAGE_STANDARD = "gnu++20";
				CLANG_ENABLE_MODULES = YES;
				CLANG_ENABLE_OBJC_ARC = YES;
				CLANG_ENABLE_OBJC_WEAK = YES;
				CLANG_WARN_BLOCK_CAPTURE_AUTORELEASING = YES;
				CLANG_WARN_BOOL_CONVERSION = YES;
				CLANG_WARN_COMMA = YES;
				CLANG_WARN_CONSTANT_CONVERSION = YES;
				CLANG_WARN_DEPRECATED_OBJC_IMPLEMENTATIONS = YES;
				CLANG_WARN_DIRECT_OBJC_ISA_USAGE = YES_ERROR;
				CLANG_WARN_DOCUMENTATION_COMMENTS = YES;
				CLANG_WARN_EMPTY_BODY = YES;
				CLANG_WARN_ENUM_CONVERSION = YES;
				CLANG_WARN_INFINITE_RECURSION = YES;
				CLANG_WARN_INT_CONVERSION = YES;
				CLANG_WARN_NON_LITERAL_NULL_CONVERSION = YES;
				CLANG_WARN_OBJC_IMPLICIT_RETAIN_SELF = YES;
				CLANG_WARN_OBJC_LITERAL_CONVERSION = YES;
				CLANG_WARN_OBJC_ROOT_CLASS = YES_ERROR;
				CLANG_WARN_QUOTED_INCLUDE_IN_FRAMEWORK_HEADER = YES;
				CLANG_WARN_RANGE_LOOP_ANALYSIS = YES;
				CLANG_WARN_STRICT_PROTOTYPES = YES;
				CLANG_WARN_SUSPICIOUS_MOVE = YES;
				CLANG_WARN_UNGUARDED_AVAILABILITY = YES_AGGRESSIVE;
				CLANG_WARN_UNREACHABLE_CODE = YES;
				CLANG_WARN__DUPLICATE_METHOD_MATCH = YES;
				COPY_PHASE_STRIP = NO;
				DEBUG_INFORMATION_FORMAT = "dwarf-with-dsym";
				ENABLE_NS_ASSERTIONS = NO;
				ENABLE_STRICT_OBJC_MSGSEND = YES;
				GCC_C_LANGUAGE_STANDARD = gnu17;
				GCC_NO_COMMON_BLOCKS = YES;
				GCC_WARN_64_TO_32_BIT_CONVERSION = YES;
				GCC_WARN_ABOUT_RETURN_TYPE = YES_ERROR;
				GCC_WARN_UNDECLARED_SELECTOR = YES;
				GCC_WARN_UNINITIALIZED_AUTOS = YES_AGGRESSIVE;
				GCC_WARN_UNUSED_FUNCTION = YES;
				GCC_WARN_UNUSED_VARIABLE = YES;
				IPHONEOS_DEPLOYMENT_TARGET = 17.0;
				MTL_ENABLE_DEBUG_INFO = NO;
				MTL_FAST_MATH = YES;
				SDKROOT = iphoneos;
				SWIFT_COMPILATION_MODE = wholemodule;
				VALIDATE_PRODUCT = YES;
				SWIFT_ACTIVE_COMPILATION_CONDITIONS = "$(inherited) LOCAL_TEST";
				SWIFT_OPTIMIZATION_LEVEL = "-O";
				ENABLE_TESTABILITY = YES;
				ONLY_ACTIVE_ARCH = YES;
			};
			name = LocalTest;
		};
		100000000000000000000806 /* LocalTest */ = {
			isa = XCBuildConfiguration;
			buildSettings = {
				ASSETCATALOG_COMPILER_APPICON_NAME = AppIcon;
				ASSETCATALOG_COMPILER_GLOBAL_ACCENT_COLOR_NAME = AccentColor;
				CODE_SIGN_STYLE = Automatic;
				CURRENT_PROJECT_VERSION = 8;
				GENERATE_INFOPLIST_FILE = NO;
				INFOPLIST_FILE = App/LocalTest-Info.plist;
				IPHONEOS_DEPLOYMENT_TARGET = 17.0;
				LD_RUNPATH_SEARCH_PATHS = (
					"$(inherited)",
					"@executable_path/Frameworks",
				);
				MARKETING_VERSION = 1.4;
				PRODUCT_BUNDLE_IDENTIFIER = sh.codie.codec.mobile.test;
				PRODUCT_NAME = "$(TARGET_NAME)";
				SDKROOT = iphoneos;
				SUPPORTED_PLATFORMS = "iphoneos iphonesimulator";
				SWIFT_EMIT_LOC_STRINGS = YES;
				SWIFT_VERSION = 6.0;
				TARGETED_DEVICE_FAMILY = "1,2";
				VALIDATE_PRODUCT = YES;
				SKIP_INSTALL = YES;
			};
			name = LocalTest;
		};
		100000000000000000000807 /* LocalTest */ = {
			isa = XCBuildConfiguration;
			buildSettings = {
				BUNDLE_LOADER = "$(TEST_HOST)";
				CLANG_ENABLE_OBJC_WEAK = NO;
				CODE_SIGN_STYLE = Automatic;
				GENERATE_INFOPLIST_FILE = YES;
				IPHONEOS_DEPLOYMENT_TARGET = 17.0;
				PRODUCT_BUNDLE_IDENTIFIER = sh.codie.codec.mobile.test.tests;
				PRODUCT_NAME = "$(TARGET_NAME)";
				SDKROOT = iphoneos;
				SWIFT_VERSION = 6.0;
				TARGETED_DEVICE_FAMILY = "1,2";
				TEST_HOST = "$(BUILT_PRODUCTS_DIR)/Codec.app/$(BUNDLE_EXECUTABLE_FOLDER_PATH)/Codec";
				VALIDATE_PRODUCT = YES;
			};
			name = LocalTest;
		};
/* End XCBuildConfiguration section */

/* Begin XCConfigurationList section */
		100000000000000000000701 /* Build configuration list for PBXNativeTarget "Codec" */ = {
			isa = XCConfigurationList;
			buildConfigurations = (
				100000000000000000000803 /* Debug */,
				100000000000000000000804 /* Release */,
				100000000000000000000806 /* LocalTest */,
			);
			defaultConfigurationIsVisible = 0;
			defaultConfigurationName = Release;
		};
		100000000000000000000702 /* Build configuration list for PBXProject "Codec" */ = {
			isa = XCConfigurationList;
			buildConfigurations = (
				100000000000000000000801 /* Debug */,
				100000000000000000000802 /* Release */,
				100000000000000000000805 /* LocalTest */,
			);
			defaultConfigurationIsVisible = 0;
			defaultConfigurationName = Release;
		};
		4BD9484A9262D9F6EF6E7D96 /* Build configuration list for PBXNativeTarget "CodecNativeTests" */ = {
			isa = XCConfigurationList;
			buildConfigurations = (
				2C3143AD4FB3C3530699FD84 /* Release */,
				18FCAEAFB3036770ACA610D7 /* Debug */,
				100000000000000000000807 /* LocalTest */,
			);
			defaultConfigurationIsVisible = 0;
			defaultConfigurationName = Release;
		};
/* End XCConfigurationList section */
	};
	rootObject = 100000000000000000000402 /* Project object */;
}
